
Microsoft Visual Studio Solution File, Format Version 12.00
# Visual Studio Version 17
VisualStudioVersion = 17.9.34728.123
MinimumVisualStudioVersion = 10.0.40219.1
Project("{FAE04EC0-301F-11D3-BF4B-00C04F79EFBC}") = "LedOperationSample", "LedOperationSample\LedOperationSample.csproj", "{D9C65255-9226-447B-BCA0-A2E5FE346BC8}"
EndProject
Global
	GlobalSection(SolutionConfigurationPlatforms) = preSolution
		Debug|Any CPU = Debug|Any CPU
		Release|Any CPU = Release|Any CPU
	EndGlobalSection
	GlobalSection(ProjectConfigurationPlatforms) = postSolution
		{D9C65255-9226-447B-BCA0-A2E5FE346BC8}.Debug|Any CPU.ActiveCfg = Debug|Any CPU
		{D9C65255-9226-447B-BCA0-A2E5FE346BC8}.Debug|Any CPU.Build.0 = Debug|Any CPU
		{D9C65255-9226-447B-BCA0-A2E5FE346BC8}.Release|Any CPU.ActiveCfg = Release|Any CPU
		{D9C65255-9226-447B-BCA0-A2E5FE346BC8}.Release|Any CPU.Build.0 = Release|Any CPU
	EndGlobalSection
	GlobalSection(SolutionProperties) = preSolution
		HideSolutionNode = FALSE
	EndGlobalSection
	GlobalSection(ExtensibilityGlobals) = postSolution
		SolutionGuid = {A8D14B81-7875-4C99-8E9A-44F49A6C04B6}
	EndGlobalSection
EndGlobal
